
Microsoft Visual Studio Solution File, Format Version 12.00
# Visual Studio Version 16
VisualStudioVersion = 16.0.29519.181
MinimumVisualStudioVersion = 10.0.40219.1
Project("{FAE04EC0-301F-11D3-BF4B-00C04F79EFBC}") = "Test", "Test\Test.csproj", "{BA2C14B8-D3FD-4958-99C4-7054CE6D1D41}"
EndProject
Global
	GlobalSection(SolutionConfigurationPlatforms) = preSolution
		Debug|Any CPU = Debug|Any CPU
		Release|Any CPU = Release|Any CPU
	EndGlobalSection
	GlobalSection(ProjectConfigurationPlatforms) = postSolution
		{BA2C14B8-D3FD-4958-99C4-7054CE6D1D41}.Debug|Any CPU.ActiveCfg = Debug|Any CPU
		{BA2C14B8-D3FD-4958-99C4-7054CE6D1D41}.Debug|Any CPU.Build.0 = Debug|Any CPU
		{BA2C14B8-D3FD-4958-99C4-7054CE6D1D41}.Release|Any CPU.ActiveCfg = Release|Any CPU
		{BA2C14B8-D3FD-4958-99C4-7054CE6D1D41}.Release|Any CPU.Build.0 = Release|Any CPU
	EndGlobalSection
	GlobalSection(SolutionProperties) = preSolution
		HideSolutionNode = FALSE
	EndGlobalSection
	GlobalSection(ExtensibilityGlobals) = postSolution
		SolutionGuid = {8A91924F-2202-4DE9-8188-24E9453D76DC}
	EndGlobalSection
EndGlobal
